
Microsoft Visual Studio Solution File, Format Version 12.00
# Visual Studio Version 17
VisualStudioVersion = 17.6.33712.159
MinimumVisualStudioVersion = 10.0.40219.1
Project("{FAE04EC0-301F-11D3-BF4B-00C04F79EFBC}") = "Test_WinApp", "Test_WinApp\Test_WinApp.csproj", "{F81AD465-B5FF-4D89-9BE4-B43D1BA251E2}"
EndProject
Global
	GlobalSection(SolutionConfigurationPlatforms) = preSolution
		Debug|Any CPU = Debug|Any CPU
		Release|Any CPU = Release|Any CPU
	EndGlobalSection
	GlobalSection(ProjectConfigurationPlatforms) = postSolution
		{F81AD465-B5FF-4D89-9BE4-B43D1BA251E2}.Debug|Any CPU.ActiveCfg = Debug|Any CPU
		{F81AD465-B5FF-4D89-9BE4-B43D1BA251E2}.Debug|Any CPU.Build.0 = Debug|Any CPU
		{F81AD465-B5FF-4D89-9BE4-B43D1BA251E2}.Release|Any CPU.ActiveCfg = Release|Any CPU
		{F81AD465-B5FF-4D89-9BE4-B43D1BA251E2}.Release|Any CPU.Build.0 = Release|Any CPU
	EndGlobalSection
	GlobalSection(SolutionProperties) = preSolution
		HideSolutionNode = FALSE
	EndGlobalSection
	GlobalSection(ExtensibilityGlobals) = postSolution
		SolutionGuid = {363345F4-209F-4B73-AD83-A55E1DEA9180}
	EndGlobalSection
EndGlobal
